
Microsoft Visual Studio Solution File, Format Version 12.00
# Visual Studio Version 17
VisualStudioVersion = 17.2.32616.157
MinimumVisualStudioVersion = 10.0.40219.1
Project("{FAE04EC0-301F-11D3-BF4B-00C04F79EFBC}") = "Entities", "Entities\Entities.csproj", "{9C3B0146-A4B0-4055-9FE6-6E96C39DA1F8}"
EndProject
Project("{2150E333-8FDC-42A3-9474-1A3956D46DE8}") = "1 - APIs", "1 - APIs", "{E5D4EEB8-9B30-4D60-B3C6-AFDD80117BC8}"
EndProject
Project("{2150E333-8FDC-42A3-9474-1A3956D46DE8}") = "2 - Application", "2 - Application", "{403899F6-76F6-43CF-833E-907AA61E8705}"
EndProject
Project("{2150E333-8FDC-42A3-9474-1A3956D46DE8}") = "3 - Domain", "3 - Domain", "{216213EE-CFD0-484D-80D3-50D196B95650}"
EndProject
Project("{2150E333-8FDC-42A3-9474-1A3956D46DE8}") = "4 - Infrastructure", "4 - Infrastructure", "{C3BD2AD1-DBA5-45DD-9D8C-91E8BCE609B3}"
EndProject
Project("{2150E333-8FDC-42A3-9474-1A3956D46DE8}") = "5 - Entities", "5 - Entities", "{B5D829B2-215E-4474-9256-034836AB858D}"
EndProject
Project("{FAE04EC0-301F-11D3-BF4B-00C04F79EFBC}") = "Infrastructure", "Infrastructure\Infrastructure.csproj", "{D11EFCA0-5BBA-4050-88E5-97546A95DBCA}"
EndProject
Project("{FAE04EC0-301F-11D3-BF4B-00C04F79EFBC}") = "Domain", "Domain\Domain.csproj", "{BD9B12D3-7D34-4618-9AE2-D160C071E39F}"
EndProject
Project("{FAE04EC0-301F-11D3-BF4B-00C04F79EFBC}") = "Application", "Application\Application.csproj", "{377C9375-F022-4C82-9722-491A7B67AFBB}"
EndProject
Project("{FAE04EC0-301F-11D3-BF4B-00C04F79EFBC}") = "WebAPI", "WebAPI\WebAPI.csproj", "{E0D4D7D8-5762-4958-BC4A-683F23085F3D}"
EndProject
Global
	GlobalSection(SolutionConfigurationPlatforms) = preSolution
		Debug|Any CPU = Debug|Any CPU
		Release|Any CPU = Release|Any CPU
	EndGlobalSection
	GlobalSection(ProjectConfigurationPlatforms) = postSolution
		{9C3B0146-A4B0-4055-9FE6-6E96C39DA1F8}.Debug|Any CPU.ActiveCfg = Debug|Any CPU
		{9C3B0146-A4B0-4055-9FE6-6E96C39DA1F8}.Debug|Any CPU.Build.0 = Debug|Any CPU
		{9C3B0146-A4B0-4055-9FE6-6E96C39DA1F8}.Release|Any CPU.ActiveCfg = Release|Any CPU
		{9C3B0146-A4B0-4055-9FE6-6E96C39DA1F8}.Release|Any CPU.Build.0 = Release|Any CPU
		{D11EFCA0-5BBA-4050-88E5-97546A95DBCA}.Debug|Any CPU.ActiveCfg = Debug|Any CPU
		{D11EFCA0-5BBA-4050-88E5-97546A95DBCA}.Debug|Any CPU.Build.0 = Debug|Any CPU
		{D11EFCA0-5BBA-4050-88E5-97546A95DBCA}.Release|Any CPU.ActiveCfg = Release|Any CPU
		{D11EFCA0-5BBA-4050-88E5-97546A95DBCA}.Release|Any CPU.Build.0 = Release|Any CPU
		{BD9B12D3-7D34-4618-9AE2-D160C071E39F}.Debug|Any CPU.ActiveCfg = Debug|Any CPU
		{BD9B12D3-7D34-4618-9AE2-D160C071E39F}.Debug|Any CPU.Build.0 = Debug|Any CPU
		{BD9B12D3-7D34-4618-9AE2-D160C071E39F}.Release|Any CPU.ActiveCfg = Release|Any CPU
		{BD9B12D3-7D34-4618-9AE2-D160C071E39F}.Release|Any CPU.Build.0 = Release|Any CPU
		{377C9375-F022-4C82-9722-491A7B67AFBB}.Debug|Any CPU.ActiveCfg = Debug|Any CPU
		{377C9375-F022-4C82-9722-491A7B67AFBB}.Debug|Any CPU.Build.0 = Debug|Any CPU
		{377C9375-F022-4C82-9722-491A7B67AFBB}.Release|Any CPU.ActiveCfg = Release|Any CPU
		{377C9375-F022-4C82-9722-491A7B67AFBB}.Release|Any CPU.Build.0 = Release|Any CPU
		{E0D4D7D8-5762-4958-BC4A-683F23085F3D}.Debug|Any CPU.ActiveCfg = Debug|Any CPU
		{E0D4D7D8-5762-4958-BC4A-683F23085F3D}.Debug|Any CPU.Build.0 = Debug|Any CPU
		{E0D4D7D8-5762-4958-BC4A-683F23085F3D}.Release|Any CPU.ActiveCfg = Release|Any CPU
		{E0D4D7D8-5762-4958-BC4A-683F23085F3D}.Release|Any CPU.Build.0 = Release|Any CPU
	EndGlobalSection
	GlobalSection(SolutionProperties) = preSolution
		HideSolutionNode = FALSE
	EndGlobalSection
	GlobalSection(NestedProjects) = preSolution
		{9C3B0146-A4B0-4055-9FE6-6E96C39DA1F8} = {B5D829B2-215E-4474-9256-034836AB858D}
		{D11EFCA0-5BBA-4050-88E5-97546A95DBCA} = {C3BD2AD1-DBA5-45DD-9D8C-91E8BCE609B3}
		{BD9B12D3-7D34-4618-9AE2-D160C071E39F} = {216213EE-CFD0-484D-80D3-50D196B95650}
		{377C9375-F022-4C82-9722-491A7B67AFBB} = {403899F6-76F6-43CF-833E-907AA61E8705}
		{E0D4D7D8-5762-4958-BC4A-683F23085F3D} = {E5D4EEB8-9B30-4D60-B3C6-AFDD80117BC8}
	EndGlobalSection
	GlobalSection(ExtensibilityGlobals) = postSolution
		SolutionGuid = {9E33D1E4-CBA0-4954-8728-E70DC9463DA0}
	EndGlobalSection
EndGlobal
